# This is a Gradle generated file for dependency locking.
# Manual edits can break the build and are not advised.
# This file is expected to be part of source control.
cglib:cglib-nodep:3.2.2=testRuntimeClasspath
com.jcraft:jzlib:1.1.2=runtimeClasspath,testRuntimeClasspath
com.netflix.nebula:gradle-contacts-plugin:8.1.0=runtimeClasspath,testRuntimeClasspath
com.netflix.nebula:gradle-info-plugin:16.0.2=compileClasspath,runtimeClasspath,testCompileClasspath,testRuntimeClasspath
com.netflix.nebula:nebula-gradle-interop:3.1.0=runtimeClasspath,testRuntimeClasspath
com.netflix.nebula:nebula-test:11.11.3=testCompileClasspath,testRuntimeClasspath
com.perforce:p4java:2015.2.1365273=runtimeClasspath,testRuntimeClasspath
io.leangen.geantyref:geantyref:1.3.16=testRuntimeClasspath
junit:junit:4.13.2=testCompileClasspath,testRuntimeClasspath
net.bytebuddy:byte-buddy:1.15.11=testCompileClasspath,testRuntimeClasspath
net.java.dev.jna:jna-platform:5.16.0=runtimeClasspath,testRuntimeClasspath
net.java.dev.jna:jna:5.16.0=runtimeClasspath,testRuntimeClasspath
org.apache.groovy:groovy-bom:4.0.29=testCompileClasspath,testRuntimeClasspath
org.apache.groovy:groovy:4.0.29=testCompileClasspath,testRuntimeClasspath
org.apiguardian:apiguardian-api:1.1.2=testCompileClasspath
org.assertj:assertj-core:3.27.3=testCompileClasspath,testRuntimeClasspath
org.hamcrest:hamcrest-core:1.3=testCompileClasspath,testRuntimeClasspath
org.hamcrest:hamcrest:3.0=testCompileClasspath,testRuntimeClasspath
org.jacoco:org.jacoco.agent:0.8.13=jacocoAgent,jacocoAnt
org.jacoco:org.jacoco.ant:0.8.13=jacocoAnt
org.jacoco:org.jacoco.core:0.8.13=jacocoAnt
org.jacoco:org.jacoco.report:0.8.13=jacocoAnt
org.jetbrains.kotlin:kotlin-stdlib:2.2.0=runtimeClasspath,testRuntimeClasspath
org.jetbrains:annotations:13.0=runtimeClasspath,testRuntimeClasspath
org.jspecify:jspecify:1.0.0=testCompileClasspath,testRuntimeClasspath
org.junit.platform:junit-platform-commons:6.0.1=testCompileClasspath,testRuntimeClasspath
org.junit.platform:junit-platform-engine:6.0.1=testCompileClasspath,testRuntimeClasspath
org.junit.platform:junit-platform-launcher:6.0.1=testCompileClasspath,testRuntimeClasspath
org.junit.vintage:junit-vintage-engine:6.0.1=testCompileClasspath,testRuntimeClasspath
org.junit:junit-bom:6.0.1=testCompileClasspath,testRuntimeClasspath
org.objenesis:objenesis:2.4=testRuntimeClasspath
org.opentest4j:opentest4j:1.3.0=testCompileClasspath,testRuntimeClasspath
org.ow2.asm:asm-commons:9.8=jacocoAnt
org.ow2.asm:asm-tree:9.8=jacocoAnt
org.ow2.asm:asm:9.8=jacocoAnt
org.spockframework:spock-bom:2.4-groovy-4.0=testCompileClasspath,testRuntimeClasspath
org.spockframework:spock-core:2.4-groovy-4.0=testCompileClasspath,testRuntimeClasspath
org.spockframework:spock-junit4:2.4-groovy-4.0=testCompileClasspath,testRuntimeClasspath
empty=annotationProcessor,testAnnotationProcessor
